
Microsoft Visual Studio Solution File, Format Version 12.00
# Visual Studio Version 17
VisualStudioVersion = 17.13.35919.96 d17.13
MinimumVisualStudioVersion = 10.0.40219.1
Project("{FAE04EC0-301F-11D3-BF4B-00C04F79EFBC}") = "assignment8Ex1", "assignment8Ex1\assignment8Ex1.csproj", "{E378A063-B4BA-423C-9B81-FC60ADC11BB1}"
EndProject
Global
	GlobalSection(SolutionConfigurationPlatforms) = preSolution
		Debug|Any CPU = Debug|Any CPU
		Release|Any CPU = Release|Any CPU
	EndGlobalSection
	GlobalSection(ProjectConfigurationPlatforms) = postSolution
		{E378A063-B4BA-423C-9B81-FC60ADC11BB1}.Debug|Any CPU.ActiveCfg = Debug|Any CPU
		{E378A063-B4BA-423C-9B81-FC60ADC11BB1}.Debug|Any CPU.Build.0 = Debug|Any CPU
		{E378A063-B4BA-423C-9B81-FC60ADC11BB1}.Release|Any CPU.ActiveCfg = Release|Any CPU
		{E378A063-B4BA-423C-9B81-FC60ADC11BB1}.Release|Any CPU.Build.0 = Release|Any CPU
	EndGlobalSection
	GlobalSection(SolutionProperties) = preSolution
		HideSolutionNode = FALSE
	EndGlobalSection
	GlobalSection(ExtensibilityGlobals) = postSolution
		SolutionGuid = {7FC761DE-5418-4C1C-A963-3B2785901E77}
	EndGlobalSection
EndGlobal
