
Microsoft Visual Studio Solution File, Format Version 12.00
# Visual Studio Version 17
VisualStudioVersion = 17.13.35919.96 d17.13
MinimumVisualStudioVersion = 10.0.40219.1
Project("{FAE04EC0-301F-11D3-BF4B-00C04F79EFBC}") = "delegatesAndEvents", "delegatesAndEvents\delegatesAndEvents.csproj", "{D06786B9-DB2A-430F-81C0-73051C9B68A4}"
EndProject
Global
	GlobalSection(SolutionConfigurationPlatforms) = preSolution
		Debug|Any CPU = Debug|Any CPU
		Release|Any CPU = Release|Any CPU
	EndGlobalSection
	GlobalSection(ProjectConfigurationPlatforms) = postSolution
		{D06786B9-DB2A-430F-81C0-73051C9B68A4}.Debug|Any CPU.ActiveCfg = Debug|Any CPU
		{D06786B9-DB2A-430F-81C0-73051C9B68A4}.Debug|Any CPU.Build.0 = Debug|Any CPU
		{D06786B9-DB2A-430F-81C0-73051C9B68A4}.Release|Any CPU.ActiveCfg = Release|Any CPU
		{D06786B9-DB2A-430F-81C0-73051C9B68A4}.Release|Any CPU.Build.0 = Release|Any CPU
	EndGlobalSection
	GlobalSection(SolutionProperties) = preSolution
		HideSolutionNode = FALSE
	EndGlobalSection
	GlobalSection(ExtensibilityGlobals) = postSolution
		SolutionGuid = {580E8492-4F6E-4129-BBA6-0CD8AA3736E4}
	EndGlobalSection
EndGlobal
