
Microsoft Visual Studio Solution File, Format Version 12.00
# Visual Studio Version 17
VisualStudioVersion = 17.13.35825.156 d17.13
MinimumVisualStudioVersion = 10.0.40219.1
Project("{FAE04EC0-301F-11D3-BF4B-00C04F79EFBC}") = "myProject", "myProject\myProject.csproj", "{0AC3F2FA-493A-4048-8F0D-BF27FB426972}"
EndProject
Global
	GlobalSection(SolutionConfigurationPlatforms) = preSolution
		Debug|Any CPU = Debug|Any CPU
		Release|Any CPU = Release|Any CPU
	EndGlobalSection
	GlobalSection(ProjectConfigurationPlatforms) = postSolution
		{0AC3F2FA-493A-4048-8F0D-BF27FB426972}.Debug|Any CPU.ActiveCfg = Debug|Any CPU
		{0AC3F2FA-493A-4048-8F0D-BF27FB426972}.Debug|Any CPU.Build.0 = Debug|Any CPU
		{0AC3F2FA-493A-4048-8F0D-BF27FB426972}.Release|Any CPU.ActiveCfg = Release|Any CPU
		{0AC3F2FA-493A-4048-8F0D-BF27FB426972}.Release|Any CPU.Build.0 = Release|Any CPU
	EndGlobalSection
	GlobalSection(SolutionProperties) = preSolution
		HideSolutionNode = FALSE
	EndGlobalSection
	GlobalSection(ExtensibilityGlobals) = postSolution
		SolutionGuid = {8FB95BB7-247A-48C4-81DD-50F092E9785E}
	EndGlobalSection
EndGlobal
