
Microsoft Visual Studio Solution File, Format Version 12.00
# Visual Studio Version 17
VisualStudioVersion = 17.13.35825.156 d17.13
MinimumVisualStudioVersion = 10.0.40219.1
Project("{FAE04EC0-301F-11D3-BF4B-00C04F79EFBC}") = "CustomAbstract", "CustomAbstract\CustomAbstract.csproj", "{40027594-2108-4C1F-AF6D-CF4F089C5FA1}"
EndProject
Global
	GlobalSection(SolutionConfigurationPlatforms) = preSolution
		Debug|Any CPU = Debug|Any CPU
		Release|Any CPU = Release|Any CPU
	EndGlobalSection
	GlobalSection(ProjectConfigurationPlatforms) = postSolution
		{40027594-2108-4C1F-AF6D-CF4F089C5FA1}.Debug|Any CPU.ActiveCfg = Debug|Any CPU
		{40027594-2108-4C1F-AF6D-CF4F089C5FA1}.Debug|Any CPU.Build.0 = Debug|Any CPU
		{40027594-2108-4C1F-AF6D-CF4F089C5FA1}.Release|Any CPU.ActiveCfg = Release|Any CPU
		{40027594-2108-4C1F-AF6D-CF4F089C5FA1}.Release|Any CPU.Build.0 = Release|Any CPU
	EndGlobalSection
	GlobalSection(SolutionProperties) = preSolution
		HideSolutionNode = FALSE
	EndGlobalSection
	GlobalSection(ExtensibilityGlobals) = postSolution
		SolutionGuid = {EBF9A9B6-7362-4904-BD93-F0EAFCD2BADC}
	EndGlobalSection
EndGlobal
