
Microsoft Visual Studio Solution File, Format Version 12.00
# Visual Studio Version 17
VisualStudioVersion = 17.13.35825.156 d17.13
MinimumVisualStudioVersion = 10.0.40219.1
Project("{FAE04EC0-301F-11D3-BF4B-00C04F79EFBC}") = "ConsoleApp1", "ConsoleApp1\ConsoleApp1.csproj", "{AB00D294-2B5F-4FD0-8632-1E35761724FA}"
EndProject
Global
	GlobalSection(SolutionConfigurationPlatforms) = preSolution
		Debug|Any CPU = Debug|Any CPU
		Release|Any CPU = Release|Any CPU
	EndGlobalSection
	GlobalSection(ProjectConfigurationPlatforms) = postSolution
		{AB00D294-2B5F-4FD0-8632-1E35761724FA}.Debug|Any CPU.ActiveCfg = Debug|Any CPU
		{AB00D294-2B5F-4FD0-8632-1E35761724FA}.Debug|Any CPU.Build.0 = Debug|Any CPU
		{AB00D294-2B5F-4FD0-8632-1E35761724FA}.Release|Any CPU.ActiveCfg = Release|Any CPU
		{AB00D294-2B5F-4FD0-8632-1E35761724FA}.Release|Any CPU.Build.0 = Release|Any CPU
	EndGlobalSection
	GlobalSection(SolutionProperties) = preSolution
		HideSolutionNode = FALSE
	EndGlobalSection
	GlobalSection(ExtensibilityGlobals) = postSolution
		SolutionGuid = {60EB9B2D-BE20-4E1B-8129-60B05E5E1DA4}
	EndGlobalSection
EndGlobal
